
Microsoft Visual Studio Solution File, Format Version 12.00
# Visual Studio 15
VisualStudioVersion = 15.0.35319.79
MinimumVisualStudioVersion = 10.0.40219.1
Project("{FAE04EC0-301F-11D3-BF4B-00C04F79EFBC}") = "ReservdelarUI.api.net2.3", "ReservdelarUI.api.net2.3\ReservdelarUI.api.net2.3.csproj", "{7F95C7F9-F47D-44A2-BC38-4D9864BCC1C3}"
EndProject
Global
	GlobalSection(SolutionConfigurationPlatforms) = preSolution
		Debug|Any CPU = Debug|Any CPU
		Release|Any CPU = Release|Any CPU
	EndGlobalSection
	GlobalSection(ProjectConfigurationPlatforms) = postSolution
		{7F95C7F9-F47D-44A2-BC38-4D9864BCC1C3}.Debug|Any CPU.ActiveCfg = Debug|Any CPU
		{7F95C7F9-F47D-44A2-BC38-4D9864BCC1C3}.Debug|Any CPU.Build.0 = Debug|Any CPU
		{7F95C7F9-F47D-44A2-BC38-4D9864BCC1C3}.Release|Any CPU.ActiveCfg = Release|Any CPU
		{7F95C7F9-F47D-44A2-BC38-4D9864BCC1C3}.Release|Any CPU.Build.0 = Release|Any CPU
	EndGlobalSection
	GlobalSection(SolutionProperties) = preSolution
		HideSolutionNode = FALSE
	EndGlobalSection
	GlobalSection(ExtensibilityGlobals) = postSolution
		SolutionGuid = {81E85F0D-56CF-4849-9165-D8F68734DADF}
	EndGlobalSection
EndGlobal
